
Microsoft Visual Studio Solution File, Format Version 12.00
# Visual Studio Version 16
VisualStudioVersion = 16.0.31624.102
MinimumVisualStudioVersion = 10.0.40219.1
Project("{FAE04EC0-301F-11D3-BF4B-00C04F79EFBC}") = "EmployeeInfo", "EmployeeInfo\EmployeeInfo.csproj", "{95C9D23F-18F6-45BD-A20E-A5EAAF7584BE}"
EndProject
Global
	GlobalSection(SolutionConfigurationPlatforms) = preSolution
		Debug|Any CPU = Debug|Any CPU
		Release|Any CPU = Release|Any CPU
	EndGlobalSection
	GlobalSection(ProjectConfigurationPlatforms) = postSolution
		{95C9D23F-18F6-45BD-A20E-A5EAAF7584BE}.Debug|Any CPU.ActiveCfg = Debug|Any CPU
		{95C9D23F-18F6-45BD-A20E-A5EAAF7584BE}.Debug|Any CPU.Build.0 = Debug|Any CPU
		{95C9D23F-18F6-45BD-A20E-A5EAAF7584BE}.Release|Any CPU.ActiveCfg = Release|Any CPU
		{95C9D23F-18F6-45BD-A20E-A5EAAF7584BE}.Release|Any CPU.Build.0 = Release|Any CPU
	EndGlobalSection
	GlobalSection(SolutionProperties) = preSolution
		HideSolutionNode = FALSE
	EndGlobalSection
	GlobalSection(ExtensibilityGlobals) = postSolution
		SolutionGuid = {6C579726-E932-4D2E-81FE-B530576F18D8}
	EndGlobalSection
EndGlobal
