
Microsoft Visual Studio Solution File, Format Version 12.00
# Visual Studio Version 16
VisualStudioVersion = 16.0.31702.278
MinimumVisualStudioVersion = 10.0.40219.1
Project("{FAE04EC0-301F-11D3-BF4B-00C04F79EFBC}") = "EngineeringEmployee", "EngineeringEmployee\EngineeringEmployee.csproj", "{E4527067-299E-4472-9B98-D82EA45B83CB}"
EndProject
Global
	GlobalSection(SolutionConfigurationPlatforms) = preSolution
		Debug|Any CPU = Debug|Any CPU
		Release|Any CPU = Release|Any CPU
	EndGlobalSection
	GlobalSection(ProjectConfigurationPlatforms) = postSolution
		{E4527067-299E-4472-9B98-D82EA45B83CB}.Debug|Any CPU.ActiveCfg = Debug|Any CPU
		{E4527067-299E-4472-9B98-D82EA45B83CB}.Debug|Any CPU.Build.0 = Debug|Any CPU
		{E4527067-299E-4472-9B98-D82EA45B83CB}.Release|Any CPU.ActiveCfg = Release|Any CPU
		{E4527067-299E-4472-9B98-D82EA45B83CB}.Release|Any CPU.Build.0 = Release|Any CPU
	EndGlobalSection
	GlobalSection(SolutionProperties) = preSolution
		HideSolutionNode = FALSE
	EndGlobalSection
	GlobalSection(ExtensibilityGlobals) = postSolution
		SolutionGuid = {C151C4C3-635A-47B1-872A-74016B43338C}
	EndGlobalSection
EndGlobal
