
Microsoft Visual Studio Solution File, Format Version 12.00
# Visual Studio Version 16
VisualStudioVersion = 16.0.31702.278
MinimumVisualStudioVersion = 10.0.40219.1
Project("{FAE04EC0-301F-11D3-BF4B-00C04F79EFBC}") = "CountYourLetters", "CountYourLetters\CountYourLetters.csproj", "{180211D1-8DBA-4A6D-91BC-B8C544B3554E}"
EndProject
Global
	GlobalSection(SolutionConfigurationPlatforms) = preSolution
		Debug|Any CPU = Debug|Any CPU
		Release|Any CPU = Release|Any CPU
	EndGlobalSection
	GlobalSection(ProjectConfigurationPlatforms) = postSolution
		{180211D1-8DBA-4A6D-91BC-B8C544B3554E}.Debug|Any CPU.ActiveCfg = Debug|Any CPU
		{180211D1-8DBA-4A6D-91BC-B8C544B3554E}.Debug|Any CPU.Build.0 = Debug|Any CPU
		{180211D1-8DBA-4A6D-91BC-B8C544B3554E}.Release|Any CPU.ActiveCfg = Release|Any CPU
		{180211D1-8DBA-4A6D-91BC-B8C544B3554E}.Release|Any CPU.Build.0 = Release|Any CPU
	EndGlobalSection
	GlobalSection(SolutionProperties) = preSolution
		HideSolutionNode = FALSE
	EndGlobalSection
	GlobalSection(ExtensibilityGlobals) = postSolution
		SolutionGuid = {A56B7CA0-469C-4557-9A21-AA8EE5973424}
	EndGlobalSection
EndGlobal
